
Microsoft Visual Studio Solution File, Format Version 12.00
# Visual Studio 2012
Project("{8BC9CEB8-8B4A-11D0-8D11-00A0C91BC942}") = "P2", "P2\P2.vcxproj", "{EE8CF35D-60C0-484D-A5C3-BC5339CDCA4B}"
EndProject
Global
	GlobalSection(SolutionConfigurationPlatforms) = preSolution
		Debug|Win32 = Debug|Win32
		Release|Win32 = Release|Win32
	EndGlobalSection
	GlobalSection(ProjectConfigurationPlatforms) = postSolution
		{EE8CF35D-60C0-484D-A5C3-BC5339CDCA4B}.Debug|Win32.ActiveCfg = Debug|Win32
		{EE8CF35D-60C0-484D-A5C3-BC5339CDCA4B}.Debug|Win32.Build.0 = Debug|Win32
		{EE8CF35D-60C0-484D-A5C3-BC5339CDCA4B}.Release|Win32.ActiveCfg = Release|Win32
		{EE8CF35D-60C0-484D-A5C3-BC5339CDCA4B}.Release|Win32.Build.0 = Release|Win32
	EndGlobalSection
	GlobalSection(SolutionProperties) = preSolution
		HideSolutionNode = FALSE
	EndGlobalSection
EndGlobal
